Microsoft Visual Studio Solution File, Format Version 12.00
# Visual Studio Version 17
VisualStudioVersion = 17.5.2.0
MinimumVisualStudioVersion = 10.0.40219.1
Project("{FAE04EC0-301F-11D3-BF4B-00C04F79EFBC}") = "EquityPositions.Api", "EquityPositions.Api.csproj", "{5F985258-D961-06FD-C2A4-848A49FDAD75}"
EndProject
Global
	GlobalSection(SolutionConfigurationPlatforms) = preSolution
		Debug|Any CPU = Debug|Any CPU
		Release|Any CPU = Release|Any CPU
	EndGlobalSection
	GlobalSection(ProjectConfigurationPlatforms) = postSolution
		{5F985258-D961-06FD-C2A4-848A49FDAD75}.Debug|Any CPU.ActiveCfg = Debug|Any CPU
		{5F985258-D961-06FD-C2A4-848A49FDAD75}.Debug|Any CPU.Build.0 = Debug|Any CPU
		{5F985258-D961-06FD-C2A4-848A49FDAD75}.Release|Any CPU.ActiveCfg = Release|Any CPU
		{5F985258-D961-06FD-C2A4-848A49FDAD75}.Release|Any CPU.Build.0 = Release|Any CPU
	EndGlobalSection
	GlobalSection(SolutionProperties) = preSolution
		HideSolutionNode = FALSE
	EndGlobalSection
	GlobalSection(ExtensibilityGlobals) = postSolution
		SolutionGuid = {C483D3C3-AD0A-472D-B78A-BA8DE080A2E2}
	EndGlobalSection
EndGlobal
